// !$*UTF8*$!
{
	archiveVersion = 1;
	classes = {
	};
	objectVersion = 48;
	objects = {

/* Begin PBXBuildFile section */
		9BBAF6022057D988002011EA /* AppDelegate.m in Sources */ = {isa = PBXBuildFile; fileRef = 9BBAF6012057D988002011EA /* AppDelegate.m */; };
		9BBAF6052057D988002011EA /* ViewController.m in Sources */ = {isa = PBXBuildFile; fileRef = 9BBAF6042057D988002011EA /* ViewController.m */; };
		9BBAF6082057D988002011EA /* Main.storyboard in Resources */ = {isa = PBXBuildFile; fileRef = 9BBAF6062057D988002011EA /* Main.storyboard */; };
		9BBAF60A2057D988002011EA /* Assets.xcassets in Resources */ = {isa = PBXBuildFile; fileRef = 9BBAF6092057D988002011EA /* Assets.xcassets */; };
		9BBAF60D2057D988002011EA /* LaunchScreen.storyboard in Resources */ = {isa = PBXBuildFile; fileRef = 9BBAF60B2057D988002011EA /* LaunchScreen.storyboard */; };
		9BBAF6102057D988002011EA /* main.m in Sources */ = {isa = PBXBuildFile; fileRef = 9BBAF60F2057D988002011EA /* main.m */; };
		9BBAF6342058FB5F002011EA /* PredicateTableController.m in Sources */ = {isa = PBXBuildFile; fileRef = 9BBAF6332058FB5F002011EA /* PredicateTableController.m */; };
		9BBAF6372058FD27002011EA /* ExtractTableController.m in Sources */ = {isa = PBXBuildFile; fileRef = 9BBAF6362058FD27002011EA /* ExtractTableController.m */; };
		9BBAF63A2058FD50002011EA /* ReplaceTableController.m in Sources */ = {isa = PBXBuildFile; fileRef = 9BBAF6392058FD50002011EA /* ReplaceTableController.m */; };
		9BBAF63D20590935002011EA /* NSString+DMExtension.m in Sources */ = {isa = PBXBuildFile; fileRef = 9BBAF63C20590935002011EA /* NSString+DMExtension.m */; };
		9BBAF64020590D77002011EA /* Person.m in Sources */ = {isa = PBXBuildFile; fileRef = 9BBAF63F20590D77002011EA /* Person.m */; };
/* End PBXBuildFile section */

/* Begin PBXFileReference section */
		9BBAF5FD2057D988002011EA /* 正则表达式.app */ = {isa = PBXFileReference; explicitFileType = wrapper.application; includeInIndex = 0; path = "正则表达式.app"; sourceTree = BUILT_PRODUCTS_DIR; };
		9BBAF6002057D988002011EA /* AppDelegate.h */ = {isa = PBXFileReference; lastKnownFileType = sourcecode.c.h; path = AppDelegate.h; sourceTree = "<group>"; };
		9BBAF6012057D988002011EA /* AppDelegate.m */ = {isa = PBXFileReference; lastKnownFileType = sourcecode.c.objc; path = AppDelegate.m; sourceTree = "<group>"; };
		9BBAF6032057D988002011EA /* ViewController.h */ = {isa = PBXFileReference; lastKnownFileType = sourcecode.c.h; path = ViewController.h; sourceTree = "<group>"; };
		9BBAF6042057D988002011EA /* ViewController.m */ = {isa = PBXFileReference; lastKnownFileType = sourcecode.c.objc; path = ViewController.m; sourceTree = "<group>"; };
		9BBAF6072057D988002011EA /* Base */ = {isa = PBXFileReference; lastKnownFileType = file.storyboard; name = Base; path = Base.lproj/Main.storyboard; sourceTree = "<group>"; };
		9BBAF6092057D988002011EA /* Assets.xcassets */ = {isa = PBXFileReference; lastKnownFileType = folder.assetcatalog; path = Assets.xcassets; sourceTree = "<group>"; };
		9BBAF60C2057D988002011EA /* Base */ = {isa = PBXFileReference; lastKnownFileType = file.storyboard; name = Base; path = Base.lproj/LaunchScreen.storyboard; sourceTree = "<group>"; };
		9BBAF60E2057D988002011EA /* Info.plist */ = {isa = PBXFileReference; lastKnownFileType = text.plist.xml; path = Info.plist; sourceTree = "<group>"; };
		9BBAF60F2057D988002011EA /* main.m */ = {isa = PBXFileReference; lastKnownFileType = sourcecode.c.objc; path = main.m; sourceTree = "<group>"; };
		9BBAF6322058FB5F002011EA /* PredicateTableController.h */ = {isa = PBXFileReference; lastKnownFileType = sourcecode.c.h; path = PredicateTableController.h; sourceTree = "<group>"; };
		9BBAF6332058FB5F002011EA /* PredicateTableController.m */ = {isa = PBXFileReference; lastKnownFileType = sourcecode.c.objc; path = PredicateTableController.m; sourceTree = "<group>"; };
		9BBAF6352058FD27002011EA /* ExtractTableController.h */ = {isa = PBXFileReference; lastKnownFileType = sourcecode.c.h; path = ExtractTableController.h; sourceTree = "<group>"; };
		9BBAF6362058FD27002011EA /* ExtractTableController.m */ = {isa = PBXFileReference; lastKnownFileType = sourcecode.c.objc; path = ExtractTableController.m; sourceTree = "<group>"; };
		9BBAF6382058FD50002011EA /* ReplaceTableController.h */ = {isa = PBXFileReference; lastKnownFileType = sourcecode.c.h; path = ReplaceTableController.h; sourceTree = "<group>"; };
		9BBAF6392058FD50002011EA /* ReplaceTableController.m */ = {isa = PBXFileReference; lastKnownFileType = sourcecode.c.objc; path = ReplaceTableController.m; sourceTree = "<group>"; };
		9BBAF63B20590935002011EA /* NSString+DMExtension.h */ = {isa = PBXFileReference; fileEncoding = 4; lastKnownFileType = sourcecode.c.h; path = "NSString+DMExtension.h"; sourceTree = "<group>"; };
		9BBAF63C20590935002011EA /* NSString+DMExtension.m */ = {isa = PBXFileReference; fileEncoding = 4; lastKnownFileType = sourcecode.c.objc; path = "NSString+DMExtension.m"; sourceTree = "<group>"; };
		9BBAF63E20590D77002011EA /* Person.h */ = {isa = PBXFileReference; lastKnownFileType = sourcecode.c.h; path = Person.h; sourceTree = "<group>"; };
		9BBAF63F20590D77002011EA /* Person.m */ = {isa = PBXFileReference; lastKnownFileType = sourcecode.c.objc; path = Person.m; sourceTree = "<group>"; };
/* End PBXFileReference section */

/* Begin PBXFrameworksBuildPhase section */
		9BBAF5FA2057D988002011EA /* Frameworks */ = {
			isa = PBXFrameworksBuildPhase;
			buildActionMask = 2147483647;
			files = (
			);
			runOnlyForDeploymentPostprocessing = 0;
		};
/* End PBXFrameworksBuildPhase section */

/* Begin PBXGroup section */
		9BBAF5F42057D988002011EA = {
			isa = PBXGroup;
			children = (
				9BBAF5FF2057D988002011EA /* 正则表达式 */,
				9BBAF5FE2057D988002011EA /* Products */,
			);
			sourceTree = "<group>";
		};
		9BBAF5FE2057D988002011EA /* Products */ = {
			isa = PBXGroup;
			children = (
				9BBAF5FD2057D988002011EA /* 正则表达式.app */,
			);
			name = Products;
			sourceTree = "<group>";
		};
		9BBAF5FF2057D988002011EA /* 正则表达式 */ = {
			isa = PBXGroup;
			children = (
				9BBAF63B20590935002011EA /* NSString+DMExtension.h */,
				9BBAF63C20590935002011EA /* NSString+DMExtension.m */,
				9BBAF6002057D988002011EA /* AppDelegate.h */,
				9BBAF6012057D988002011EA /* AppDelegate.m */,
				9BBAF6032057D988002011EA /* ViewController.h */,
				9BBAF6042057D988002011EA /* ViewController.m */,
				9BBAF6062057D988002011EA /* Main.storyboard */,
				9BBAF6092057D988002011EA /* Assets.xcassets */,
				9BBAF60B2057D988002011EA /* LaunchScreen.storyboard */,
				9BBAF60E2057D988002011EA /* Info.plist */,
				9BBAF60F2057D988002011EA /* main.m */,
				9BBAF6322058FB5F002011EA /* PredicateTableController.h */,
				9BBAF6332058FB5F002011EA /* PredicateTableController.m */,
				9BBAF6352058FD27002011EA /* ExtractTableController.h */,
				9BBAF6362058FD27002011EA /* ExtractTableController.m */,
				9BBAF6382058FD50002011EA /* ReplaceTableController.h */,
				9BBAF6392058FD50002011EA /* ReplaceTableController.m */,
				9BBAF63E20590D77002011EA /* Person.h */,
				9BBAF63F20590D77002011EA /* Person.m */,
			);
			path = "正则表达式";
			sourceTree = "<group>";
		};
/* End PBXGroup section */

/* Begin PBXNativeTarget section */
		9BBAF5FC2057D988002011EA /* 正则表达式 */ = {
			isa = PBXNativeTarget;
			buildConfigurationList = 9BBAF6292057D988002011EA /* Build configuration list for PBXNativeTarget "正则表达式" */;
			buildPhases = (
				9BBAF5F92057D988002011EA /* Sources */,
				9BBAF5FA2057D988002011EA /* Frameworks */,
				9BBAF5FB2057D988002011EA /* Resources */,
			);
			buildRules = (
			);
			dependencies = (
			);
			name = "正则表达式";
			productName = "正则表达式";
			productReference = 9BBAF5FD2057D988002011EA /* 正则表达式.app */;
			productType = "com.apple.product-type.application";
		};
/* End PBXNativeTarget section */

/* Begin PBXProject section */
		9BBAF5F52057D988002011EA /* Project object */ = {
			isa = PBXProject;
			attributes = {
				LastUpgradeCheck = 0920;
				ORGANIZATIONNAME = LDZ;
				TargetAttributes = {
					9BBAF5FC2057D988002011EA = {
						CreatedOnToolsVersion = 9.2;
						ProvisioningStyle = Automatic;
					};
				};
			};
			buildConfigurationList = 9BBAF5F82057D988002011EA /* Build configuration list for PBXProject "正则表达式" */;
			compatibilityVersion = "Xcode 8.0";
			developmentRegion = en;
			hasScannedForEncodings = 0;
			knownRegions = (
				en,
				Base,
			);
			mainGroup = 9BBAF5F42057D988002011EA;
			productRefGroup = 9BBAF5FE2057D988002011EA /* Products */;
			projectDirPath = "";
			projectRoot = "";
			targets = (
				9BBAF5FC2057D988002011EA /* 正则表达式 */,
			);
		};
/* End PBXProject section */

/* Begin PBXResourcesBuildPhase section */
		9BBAF5FB2057D988002011EA /* Resources */ = {
			isa = PBXResourcesBuildPhase;
			buildActionMask = 2147483647;
			files = (
				9BBAF60D2057D988002011EA /* LaunchScreen.storyboard in Resources */,
				9BBAF60A2057D988002011EA /* Assets.xcassets in Resources */,
				9BBAF6082057D988002011EA /* Main.storyboard in Resources */,
			);
			runOnlyForDeploymentPostprocessing = 0;
		};
/* End PBXResourcesBuildPhase section */

/* Begin PBXSourcesBuildPhase section */
		9BBAF5F92057D988002011EA /* Sources */ = {
			isa = PBXSourcesBuildPhase;
			buildActionMask = 2147483647;
			files = (
				9BBAF6052057D988002011EA /* ViewController.m in Sources */,
				9BBAF6102057D988002011EA /* main.m in Sources */,
				9BBAF64020590D77002011EA /* Person.m in Sources */,
				9BBAF6342058FB5F002011EA /* PredicateTableController.m in Sources */,
				9BBAF63A2058FD50002011EA /* ReplaceTableController.m in Sources */,
				9BBAF6022057D988002011EA /* AppDelegate.m in Sources */,
				9BBAF63D20590935002011EA /* NSString+DMExtension.m in Sources */,
				9BBAF6372058FD27002011EA /* ExtractTableController.m in Sources */,
			);
			runOnlyForDeploymentPostprocessing = 0;
		};
/* End PBXSourcesBuildPhase section */

/* Begin PBXVariantGroup section */
		9BBAF6062057D988002011EA /* Main.storyboard */ = {
			isa = PBXVariantGroup;
			children = (
				9BBAF6072057D988002011EA /* Base */,
			);
			name = Main.storyboard;
			sourceTree = "<group>";
		};
		9BBAF60B2057D988002011EA /* LaunchScreen.storyboard */ = {
			isa = PBXVariantGroup;
			children = (
				9BBAF60C2057D988002011EA /* Base */,
			);
			name = LaunchScreen.storyboard;
			sourceTree = "<group>";
		};
/* End PBXVariantGroup section */

/* Begin XCBuildConfiguration section */
		9BBAF6272057D988002011EA /* Debug */ = {
			isa = XCBuildConfiguration;
			buildSettings = {
				ALWAYS_SEARCH_USER_PATHS = NO;
				CLANG_ANALYZER_NONNULL = YES;
				CLANG_ANALYZER_NUMBER_OBJECT_CONVERSION = YES_AGGRESSIVE;
				CLANG_CXX_LANGUAGE_STANDARD = "gnu++14";
				CLANG_CXX_LIBRARY = "libc++";
				CLANG_ENABLE_MODULES = YES;
				CLANG_ENABLE_OBJC_ARC = YES;
				CLANG_WARN_BLOCK_CAPTURE_AUTORELEASING = YES;
				CLANG_WARN_BOOL_CONVERSION = YES;
				CLANG_WARN_COMMA = YES;
				CLANG_WARN_CONSTANT_CONVERSION = YES;
				CLANG_WARN_DIRECT_OBJC_ISA_USAGE = YES_ERROR;
				CLANG_WARN_DOCUMENTATION_COMMENTS = YES;
				CLANG_WARN_EMPTY_BODY = YES;
				CLANG_WARN_ENUM_CONVERSION = YES;
				CLANG_WARN_INFINITE_RECURSION = YES;
				CLANG_WARN_INT_CONVERSION = YES;
				CLANG_WARN_NON_LITERAL_NULL_CONVERSION = YES;
				CLANG_WARN_OBJC_LITERAL_CONVERSION = YES;
				CLANG_WARN_OBJC_ROOT_CLASS = YES_ERROR;
				CLANG_WARN_RANGE_LOOP_ANALYSIS = YES;
				CLANG_WARN_STRICT_PROTOTYPES = YES;
				CLANG_WARN_SUSPICIOUS_MOVE = YES;
				CLANG_WARN_UNGUARDED_AVAILABILITY = YES_AGGRESSIVE;
				CLANG_WARN_UNREACHABLE_CODE = YES;
				CLANG_WARN__DUPLICATE_METHOD_MATCH = YES;
				CODE_SIGN_IDENTITY = "iPhone Developer";
				COPY_PHASE_STRIP = NO;
				DEBUG_INFORMATION_FORMAT = dwarf;
				ENABLE_STRICT_OBJC_MSGSEND = YES;
				ENABLE_TESTABILITY = YES;
				GCC_C_LANGUAGE_STANDARD = gnu11;
				GCC_DYNAMIC_NO_PIC = NO;
				GCC_NO_COMMON_BLOCKS = YES;
				GCC_OPTIMIZATION_LEVEL = 0;
				GCC_PREPROCESSOR_DEFINITIONS = (
					"DEBUG=1",
					"$(inherited)",
				);
				GCC_WARN_64_TO_32_BIT_CONVERSION = YES;
				GCC_WARN_ABOUT_RETURN_TYPE = YES_ERROR;
				GCC_WARN_UNDECLARED_SELECTOR = YES;
				GCC_WARN_UNINITIALIZED_AUTOS = YES_AGGRESSIVE;
				GCC_WARN_UNUSED_FUNCTION = YES;
				GCC_WARN_UNUSED_VARIABLE = YES;
				IPHONEOS_DEPLOYMENT_TARGET = 11.2;
				MTL_ENABLE_DEBUG_INFO = YES;
				ONLY_ACTIVE_ARCH = YES;
				SDKROOT = iphoneos;
			};
			name = Debug;
		};
		9BBAF6282057D988002011EA /* Release */ = {
			isa = XCBuildConfiguration;
			buildSettings = {
				ALWAYS_SEARCH_USER_PATHS = NO;
				CLANG_ANALYZER_NONNULL = YES;
				CLANG_ANALYZER_NUMBER_OBJECT_CONVERSION = YES_AGGRESSIVE;
				CLANG_CXX_LANGUAGE_STANDARD = "gnu++14";
				CLANG_CXX_LIBRARY = "libc++";
				CLANG_ENABLE_MODULES = YES;
				CLANG_ENABLE_OBJC_ARC = YES;
				CLANG_WARN_BLOCK_CAPTURE_AUTORELEASING = YES;
				CLANG_WARN_BOOL_CONVERSION = YES;
				CLANG_WARN_COMMA = YES;
				CLANG_WARN_CONSTANT_CONVERSION = YES;
				CLANG_WARN_DIRECT_OBJC_ISA_USAGE = YES_ERROR;
				CLANG_WARN_DOCUMENTATION_COMMENTS = YES;
				CLANG_WARN_EMPTY_BODY = YES;
				CLANG_WARN_ENUM_CONVERSION = YES;
				CLANG_WARN_INFINITE_RECURSION = YES;
				CLANG_WARN_INT_CONVERSION = YES;
				CLANG_WARN_NON_LITERAL_NULL_CONVERSION = YES;
				CLANG_WARN_OBJC_LITERAL_CONVERSION = YES;
				CLANG_WARN_OBJC_ROOT_CLASS = YES_ERROR;
				CLANG_WARN_RANGE_LOOP_ANALYSIS = YES;
				CLANG_WARN_STRICT_PROTOTYPES = YES;
				CLANG_WARN_SUSPICIOUS_MOVE = YES;
				CLANG_WARN_UNGUARDED_AVAILABILITY = YES_AGGRESSIVE;
				CLANG_WARN_UNREACHABLE_CODE = YES;
				CLANG_WARN__DUPLICATE_METHOD_MATCH = YES;
				CODE_SIGN_IDENTITY = "iPhone Developer";
				COPY_PHASE_STRIP = NO;
				DEBUG_INFORMATION_FORMAT = "dwarf-with-dsym";
				ENABLE_NS_ASSERTIONS = NO;
				ENABLE_STRICT_OBJC_MSGSEND = YES;
				GCC_C_LANGUAGE_STANDARD = gnu11;
				GCC_NO_COMMON_BLOCKS = YES;
				GCC_WARN_64_TO_32_BIT_CONVERSION = YES;
				GCC_WARN_ABOUT_RETURN_TYPE = YES_ERROR;
				GCC_WARN_UNDECLARED_SELECTOR = YES;
				GCC_WARN_UNINITIALIZED_AUTOS = YES_AGGRESSIVE;
				GCC_WARN_UNUSED_FUNCTION = YES;
				GCC_WARN_UNUSED_VARIABLE = YES;
				IPHONEOS_DEPLOYMENT_TARGET = 11.2;
				MTL_ENABLE_DEBUG_INFO = NO;
				SDKROOT = iphoneos;
				VALIDATE_PRODUCT = YES;
			};
			name = Release;
		};
		9BBAF62A2057D988002011EA /* Debug */ = {
			isa = XCBuildConfiguration;
			buildSettings = {
				ASSETCATALOG_COMPILER_APPICON_NAME = AppIcon;
				CODE_SIGN_STYLE = Automatic;
				DEVELOPMENT_TEAM = 5C939V75QW;
				INFOPLIST_FILE = "正则表达式/Info.plist";
				LD_RUNPATH_SEARCH_PATHS = "$(inherited) @executable_path/Frameworks";
				PRODUCT_BUNDLE_IDENTIFIER = "LDZ.-----";
				PRODUCT_NAME = "$(TARGET_NAME)";
				TARGETED_DEVICE_FAMILY = "1,2";
			};
			name = Debug;
		};
		9BBAF62B2057D988002011EA /* Release */ = {
			isa = XCBuildConfiguration;
			buildSettings = {
				ASSETCATALOG_COMPILER_APPICON_NAME = AppIcon;
				CODE_SIGN_STYLE = Automatic;
				DEVELOPMENT_TEAM = 5C939V75QW;
				INFOPLIST_FILE = "正则表达式/Info.plist";
				LD_RUNPATH_SEARCH_PATHS = "$(inherited) @executable_path/Frameworks";
				PRODUCT_BUNDLE_IDENTIFIER = "LDZ.-----";
				PRODUCT_NAME = "$(TARGET_NAME)";
				TARGETED_DEVICE_FAMILY = "1,2";
			};
			name = Release;
		};
/* End XCBuildConfiguration section */

/* Begin XCConfigurationList section */
		9BBAF5F82057D988002011EA /* Build configuration list for PBXProject "正则表达式" */ = {
			isa = XCConfigurationList;
			buildConfigurations = (
				9BBAF6272057D988002011EA /* Debug */,
				9BBAF6282057D988002011EA /* Release */,
			);
			defaultConfigurationIsVisible = 0;
			defaultConfigurationName = Release;
		};
		9BBAF6292057D988002011EA /* Build configuration list for PBXNativeTarget "正则表达式" */ = {
			isa = XCConfigurationList;
			buildConfigurations = (
				9BBAF62A2057D988002011EA /* Debug */,
				9BBAF62B2057D988002011EA /* Release */,
			);
			defaultConfigurationIsVisible = 0;
			defaultConfigurationName = Release;
		};
/* End XCConfigurationList section */
	};
	rootObject = 9BBAF5F52057D988002011EA /* Project object */;
}
